
Microsoft Visual Studio Solution File, Format Version 12.00
# Visual Studio 15
VisualStudioVersion = 15.0.28307.539
MinimumVisualStudioVersion = 10.0.40219.1
Project("{9A19103F-16F7-4668-BE54-9A1E7A4F7556}") = "QDetect.Web", "QDetect.Web\QDetect.Web.csproj", "{D4B02E5A-FDC1-46FC-9668-C9A1258F9B6C}"
EndProject
Project("{FAE04EC0-301F-11D3-BF4B-00C04F79EFBC}") = "QDetect.Data", "QDetect.Data\QDetect.Data.csproj", "{E4BB4FB1-8848-448A-88DB-9BBE64CE615F}"
EndProject
Project("{FAE04EC0-301F-11D3-BF4B-00C04F79EFBC}") = "QDetect.Services", "QDetect.Services\QDetect.Services.csproj", "{5C5CD373-3739-4C50-80B0-9B50DBE83F5E}"
EndProject
Global
	GlobalSection(SolutionConfigurationPlatforms) = preSolution
		Debug|Any CPU = Debug|Any CPU
		Release|Any CPU = Release|Any CPU
	EndGlobalSection
	GlobalSection(ProjectConfigurationPlatforms) = postSolution
		{D4B02E5A-FDC1-46FC-9668-C9A1258F9B6C}.Debug|Any CPU.ActiveCfg = Debug|Any CPU
		{D4B02E5A-FDC1-46FC-9668-C9A1258F9B6C}.Debug|Any CPU.Build.0 = Debug|Any CPU
		{D4B02E5A-FDC1-46FC-9668-C9A1258F9B6C}.Release|Any CPU.ActiveCfg = Release|Any CPU
		{D4B02E5A-FDC1-46FC-9668-C9A1258F9B6C}.Release|Any CPU.Build.0 = Release|Any CPU
		{E4BB4FB1-8848-448A-88DB-9BBE64CE615F}.Debug|Any CPU.ActiveCfg = Debug|Any CPU
		{E4BB4FB1-8848-448A-88DB-9BBE64CE615F}.Debug|Any CPU.Build.0 = Debug|Any CPU
		{E4BB4FB1-8848-448A-88DB-9BBE64CE615F}.Release|Any CPU.ActiveCfg = Release|Any CPU
		{E4BB4FB1-8848-448A-88DB-9BBE64CE615F}.Release|Any CPU.Build.0 = Release|Any CPU
		{5C5CD373-3739-4C50-80B0-9B50DBE83F5E}.Debug|Any CPU.ActiveCfg = Debug|Any CPU
		{5C5CD373-3739-4C50-80B0-9B50DBE83F5E}.Debug|Any CPU.Build.0 = Debug|Any CPU
		{5C5CD373-3739-4C50-80B0-9B50DBE83F5E}.Release|Any CPU.ActiveCfg = Release|Any CPU
		{5C5CD373-3739-4C50-80B0-9B50DBE83F5E}.Release|Any CPU.Build.0 = Release|Any CPU
	EndGlobalSection
	GlobalSection(SolutionProperties) = preSolution
		HideSolutionNode = FALSE
	EndGlobalSection
	GlobalSection(ExtensibilityGlobals) = postSolution
		SolutionGuid = {8425C65A-5890-412E-8493-0EBD364F9F5D}
	EndGlobalSection
EndGlobal
